
Microsoft Visual Studio Solution File, Format Version 12.00
# Visual Studio Version 17
VisualStudioVersion = 17.0.32014.148
MinimumVisualStudioVersion = 10.0.40219.1
Project("{FAE04EC0-301F-11D3-BF4B-00C04F79EFBC}") = "EnFu", "EnFu\EnFu.csproj", "{73019B48-27E7-4AA1-905A-749E90770609}"
EndProject
Project("{FAE04EC0-301F-11D3-BF4B-00C04F79EFBC}") = "ConsoleTest", "ConsoleTest\ConsoleTest.csproj", "{0BB149BD-B728-42B6-8551-F82C9E13F971}"
EndProject
Global
	GlobalSection(SolutionConfigurationPlatforms) = preSolution
		Debug|Any CPU = Debug|Any CPU
		Debug|iPhone = Debug|iPhone
		Debug|iPhoneSimulator = Debug|iPhoneSimulator
		Release|Any CPU = Release|Any CPU
		Release|iPhone = Release|iPhone
		Release|iPhoneSimulator = Release|iPhoneSimulator
	EndGlobalSection
	GlobalSection(ProjectConfigurationPlatforms) = postSolution
		{73019B48-27E7-4AA1-905A-749E90770609}.Debug|Any CPU.ActiveCfg = Debug|Any CPU
		{73019B48-27E7-4AA1-905A-749E90770609}.Debug|Any CPU.Build.0 = Debug|Any CPU
		{73019B48-27E7-4AA1-905A-749E90770609}.Debug|iPhone.ActiveCfg = Debug|Any CPU
		{73019B48-27E7-4AA1-905A-749E90770609}.Debug|iPhone.Build.0 = Debug|Any CPU
		{73019B48-27E7-4AA1-905A-749E90770609}.Debug|iPhoneSimulator.ActiveCfg = Debug|Any CPU
		{73019B48-27E7-4AA1-905A-749E90770609}.Debug|iPhoneSimulator.Build.0 = Debug|Any CPU
		{73019B48-27E7-4AA1-905A-749E90770609}.Release|Any CPU.ActiveCfg = Release|Any CPU
		{73019B48-27E7-4AA1-905A-749E90770609}.Release|Any CPU.Build.0 = Release|Any CPU
		{73019B48-27E7-4AA1-905A-749E90770609}.Release|iPhone.ActiveCfg = Release|Any CPU
		{73019B48-27E7-4AA1-905A-749E90770609}.Release|iPhone.Build.0 = Release|Any CPU
		{73019B48-27E7-4AA1-905A-749E90770609}.Release|iPhoneSimulator.ActiveCfg = Release|Any CPU
		{73019B48-27E7-4AA1-905A-749E90770609}.Release|iPhoneSimulator.Build.0 = Release|Any CPU
		{0BB149BD-B728-42B6-8551-F82C9E13F971}.Debug|Any CPU.ActiveCfg = Debug|Any CPU
		{0BB149BD-B728-42B6-8551-F82C9E13F971}.Debug|Any CPU.Build.0 = Debug|Any CPU
		{0BB149BD-B728-42B6-8551-F82C9E13F971}.Debug|iPhone.ActiveCfg = Debug|Any CPU
		{0BB149BD-B728-42B6-8551-F82C9E13F971}.Debug|iPhone.Build.0 = Debug|Any CPU
		{0BB149BD-B728-42B6-8551-F82C9E13F971}.Debug|iPhoneSimulator.ActiveCfg = Debug|Any CPU
		{0BB149BD-B728-42B6-8551-F82C9E13F971}.Debug|iPhoneSimulator.Build.0 = Debug|Any CPU
		{0BB149BD-B728-42B6-8551-F82C9E13F971}.Release|Any CPU.ActiveCfg = Release|Any CPU
		{0BB149BD-B728-42B6-8551-F82C9E13F971}.Release|Any CPU.Build.0 = Release|Any CPU
		{0BB149BD-B728-42B6-8551-F82C9E13F971}.Release|iPhone.ActiveCfg = Release|Any CPU
		{0BB149BD-B728-42B6-8551-F82C9E13F971}.Release|iPhone.Build.0 = Release|Any CPU
		{0BB149BD-B728-42B6-8551-F82C9E13F971}.Release|iPhoneSimulator.ActiveCfg = Release|Any CPU
		{0BB149BD-B728-42B6-8551-F82C9E13F971}.Release|iPhoneSimulator.Build.0 = Release|Any CPU
	EndGlobalSection
	GlobalSection(SolutionProperties) = preSolution
		HideSolutionNode = FALSE
	EndGlobalSection
	GlobalSection(ExtensibilityGlobals) = postSolution
		SolutionGuid = {393BDD2B-C63C-4776-84B8-644EDCC5EC1C}
	EndGlobalSection
EndGlobal
